
Microsoft Visual Studio Solution File, Format Version 12.00
# Visual Studio 14
VisualStudioVersion = 14.0.25420.1
MinimumVisualStudioVersion = 10.0.40219.1
Project("{FAE04EC0-301F-11D3-BF4B-00C04F79EFBC}") = "Interview", "Interview\Interview.csproj", "{F7AE6B31-F55F-4DD8-A1D8-533B7B1BC3CF}"
EndProject
Project("{FAE04EC0-301F-11D3-BF4B-00C04F79EFBC}") = "UnitTests", "UnitTests\UnitTests.csproj", "{3FDC0CAE-95C1-41C8-B9D1-FAA08DB1DE9A}"
EndProject
Global
	GlobalSection(SolutionConfigurationPlatforms) = preSolution
		Debug|Any CPU = Debug|Any CPU
		Release|Any CPU = Release|Any CPU
	EndGlobalSection
	GlobalSection(ProjectConfigurationPlatforms) = postSolution
		{F7AE6B31-F55F-4DD8-A1D8-533B7B1BC3CF}.Debug|Any CPU.ActiveCfg = Debug|Any CPU
		{F7AE6B31-F55F-4DD8-A1D8-533B7B1BC3CF}.Debug|Any CPU.Build.0 = Debug|Any CPU
		{F7AE6B31-F55F-4DD8-A1D8-533B7B1BC3CF}.Release|Any CPU.ActiveCfg = Release|Any CPU
		{F7AE6B31-F55F-4DD8-A1D8-533B7B1BC3CF}.Release|Any CPU.Build.0 = Release|Any CPU
		{3FDC0CAE-95C1-41C8-B9D1-FAA08DB1DE9A}.Debug|Any CPU.ActiveCfg = Debug|Any CPU
		{3FDC0CAE-95C1-41C8-B9D1-FAA08DB1DE9A}.Debug|Any CPU.Build.0 = Debug|Any CPU
		{3FDC0CAE-95C1-41C8-B9D1-FAA08DB1DE9A}.Release|Any CPU.ActiveCfg = Release|Any CPU
		{3FDC0CAE-95C1-41C8-B9D1-FAA08DB1DE9A}.Release|Any CPU.Build.0 = Release|Any CPU
	EndGlobalSection
	GlobalSection(SolutionProperties) = preSolution
		HideSolutionNode = FALSE
	EndGlobalSection
EndGlobal
